// !$*UTF8*$!
{
	archiveVersion = 1;
	classes = {
	};
	objectVersion = 56;
	objects = {

/* Begin PBXBuildFile section */
		1A1ED2332A16582C0097B56C /* main.swift in Sources */ = {isa = PBXBuildFile; fileRef = 1A1ED2322A16582C0097B56C /* main.swift */; };
		1A1ED23E2A1658A30097B56C /* utils.swift in Sources */ = {isa = PBXBuildFile; fileRef = 1A1ED23D2A1658A30097B56C /* utils.swift */; };
		1A1ED2412A1658CD0097B56C /* funcionario.swift in Sources */ = {isa = PBXBuildFile; fileRef = 1A1ED2402A1658CD0097B56C /* funcionario.swift */; };
		1A1ED2442A1659000097B56C /* operations.swift in Sources */ = {isa = PBXBuildFile; fileRef = 1A1ED2432A1659000097B56C /* operations.swift */; };
		1A1ED2482A1659880097B56C /* create.swift in Sources */ = {isa = PBXBuildFile; fileRef = 1A1ED2472A1659880097B56C /* create.swift */; };
		1A1ED24A2A16598E0097B56C /* delete.swift in Sources */ = {isa = PBXBuildFile; fileRef = 1A1ED2492A16598E0097B56C /* delete.swift */; };
		1A1ED24C2A1659950097B56C /* list.swift in Sources */ = {isa = PBXBuildFile; fileRef = 1A1ED24B2A1659950097B56C /* list.swift */; };
		1A1ED24E2A1659A30097B56C /* update.swift in Sources */ = {isa = PBXBuildFile; fileRef = 1A1ED24D2A1659A30097B56C /* update.swift */; };
		1A1ED2502A1659F40097B56C /* atualizar.swift in Sources */ = {isa = PBXBuildFile; fileRef = 1A1ED24F2A1659F40097B56C /* atualizar.swift */; };
		1A1ED2522A165A030097B56C /* cadastrar.swift in Sources */ = {isa = PBXBuildFile; fileRef = 1A1ED2512A165A030097B56C /* cadastrar.swift */; };
		1A1ED2542A165A110097B56C /* listar.swift in Sources */ = {isa = PBXBuildFile; fileRef = 1A1ED2532A165A110097B56C /* listar.swift */; };
		1A1ED2562A165A200097B56C /* excluir.swift in Sources */ = {isa = PBXBuildFile; fileRef = 1A1ED2552A165A200097B56C /* excluir.swift */; };
/* End PBXBuildFile section */

/* Begin PBXCopyFilesBuildPhase section */
		1A1ED22D2A16582C0097B56C /* CopyFiles */ = {
			isa = PBXCopyFilesBuildPhase;
			buildActionMask = 2147483647;
			dstPath = /usr/share/man/man1/;
			dstSubfolderSpec = 0;
			files = (
			);
			runOnlyForDeploymentPostprocessing = 1;
		};
/* End PBXCopyFilesBuildPhase section */

/* Begin PBXFileReference section */
		1A1ED22F2A16582C0097B56C /* crudFirebase */ = {isa = PBXFileReference; explicitFileType = "compiled.mach-o.executable"; includeInIndex = 0; path = crudFirebase; sourceTree = BUILT_PRODUCTS_DIR; };
		1A1ED2322A16582C0097B56C /* main.swift */ = {isa = PBXFileReference; lastKnownFileType = sourcecode.swift; path = main.swift; sourceTree = "<group>"; };
		1A1ED23D2A1658A30097B56C /* utils.swift */ = {isa = PBXFileReference; lastKnownFileType = sourcecode.swift; path = utils.swift; sourceTree = "<group>"; };
		1A1ED2402A1658CD0097B56C /* funcionario.swift */ = {isa = PBXFileReference; lastKnownFileType = sourcecode.swift; path = funcionario.swift; sourceTree = "<group>"; };
		1A1ED2432A1659000097B56C /* operations.swift */ = {isa = PBXFileReference; lastKnownFileType = sourcecode.swift; path = operations.swift; sourceTree = "<group>"; };
		1A1ED2452A1659510097B56C /* README.md */ = {isa = PBXFileReference; lastKnownFileType = net.daringfireball.markdown; path = README.md; sourceTree = "<group>"; };
		1A1ED2472A1659880097B56C /* create.swift */ = {isa = PBXFileReference; lastKnownFileType = sourcecode.swift; path = create.swift; sourceTree = "<group>"; };
		1A1ED2492A16598E0097B56C /* delete.swift */ = {isa = PBXFileReference; lastKnownFileType = sourcecode.swift; path = delete.swift; sourceTree = "<group>"; };
		1A1ED24B2A1659950097B56C /* list.swift */ = {isa = PBXFileReference; lastKnownFileType = sourcecode.swift; path = list.swift; sourceTree = "<group>"; };
		1A1ED24D2A1659A30097B56C /* update.swift */ = {isa = PBXFileReference; lastKnownFileType = sourcecode.swift; path = update.swift; sourceTree = "<group>"; };
		1A1ED24F2A1659F40097B56C /* atualizar.swift */ = {isa = PBXFileReference; lastKnownFileType = sourcecode.swift; path = atualizar.swift; sourceTree = "<group>"; };
		1A1ED2512A165A030097B56C /* cadastrar.swift */ = {isa = PBXFileReference; lastKnownFileType = sourcecode.swift; path = cadastrar.swift; sourceTree = "<group>"; };
		1A1ED2532A165A110097B56C /* listar.swift */ = {isa = PBXFileReference; lastKnownFileType = sourcecode.swift; path = listar.swift; sourceTree = "<group>"; };
		1A1ED2552A165A200097B56C /* excluir.swift */ = {isa = PBXFileReference; lastKnownFileType = sourcecode.swift; path = excluir.swift; sourceTree = "<group>"; };
/* End PBXFileReference section */

/* Begin PBXFrameworksBuildPhase section */
		1A1ED22C2A16582C0097B56C /* Frameworks */ = {
			isa = PBXFrameworksBuildPhase;
			buildActionMask = 2147483647;
			files = (
			);
			runOnlyForDeploymentPostprocessing = 0;
		};
/* End PBXFrameworksBuildPhase section */

/* Begin PBXGroup section */
		1A1ED2262A16582C0097B56C = {
			isa = PBXGroup;
			children = (
				1A1ED2452A1659510097B56C /* README.md */,
				1A1ED2312A16582C0097B56C /* crudFirebase */,
				1A1ED2302A16582C0097B56C /* Products */,
			);
			sourceTree = "<group>";
		};
		1A1ED2302A16582C0097B56C /* Products */ = {
			isa = PBXGroup;
			children = (
				1A1ED22F2A16582C0097B56C /* crudFirebase */,
			);
			name = Products;
			sourceTree = "<group>";
		};
		1A1ED2312A16582C0097B56C /* crudFirebase */ = {
			isa = PBXGroup;
			children = (
				1A1ED23B2A1658900097B56C /* utils */,
				1A1ED23A2A16587D0097B56C /* interface */,
				1A1ED2392A16586B0097B56C /* domain */,
				1A1ED2322A16582C0097B56C /* main.swift */,
			);
			path = crudFirebase;
			sourceTree = "<group>";
		};
		1A1ED2392A16586B0097B56C /* domain */ = {
			isa = PBXGroup;
			children = (
				1A1ED2462A1659750097B56C /* controller */,
				1A1ED2422A1658E10097B56C /* service */,
				1A1ED23F2A1658B60097B56C /* model */,
			);
			path = domain;
			sourceTree = "<group>";
		};
		1A1ED23A2A16587D0097B56C /* interface */ = {
			isa = PBXGroup;
			children = (
				1A1ED24F2A1659F40097B56C /* atualizar.swift */,
				1A1ED2512A165A030097B56C /* cadastrar.swift */,
				1A1ED2532A165A110097B56C /* listar.swift */,
				1A1ED2552A165A200097B56C /* excluir.swift */,
			);
			path = interface;
			sourceTree = "<group>";
		};
		1A1ED23B2A1658900097B56C /* utils */ = {
			isa = PBXGroup;
			children = (
				1A1ED23D2A1658A30097B56C /* utils.swift */,
			);
			path = utils;
			sourceTree = "<group>";
		};
		1A1ED23F2A1658B60097B56C /* model */ = {
			isa = PBXGroup;
			children = (
				1A1ED2402A1658CD0097B56C /* funcionario.swift */,
			);
			path = model;
			sourceTree = "<group>";
		};
		1A1ED2422A1658E10097B56C /* service */ = {
			isa = PBXGroup;
			children = (
				1A1ED2432A1659000097B56C /* operations.swift */,
			);
			path = service;
			sourceTree = "<group>";
		};
		1A1ED2462A1659750097B56C /* controller */ = {
			isa = PBXGroup;
			children = (
				1A1ED2472A1659880097B56C /* create.swift */,
				1A1ED2492A16598E0097B56C /* delete.swift */,
				1A1ED24B2A1659950097B56C /* list.swift */,
				1A1ED24D2A1659A30097B56C /* update.swift */,
			);
			path = controller;
			sourceTree = "<group>";
		};
/* End PBXGroup section */

/* Begin PBXNativeTarget section */
		1A1ED22E2A16582C0097B56C /* crudFirebase */ = {
			isa = PBXNativeTarget;
			buildConfigurationList = 1A1ED2362A16582C0097B56C /* Build configuration list for PBXNativeTarget "crudFirebase" */;
			buildPhases = (
				1A1ED22B2A16582C0097B56C /* Sources */,
				1A1ED22C2A16582C0097B56C /* Frameworks */,
				1A1ED22D2A16582C0097B56C /* CopyFiles */,
			);
			buildRules = (
			);
			dependencies = (
			);
			name = crudFirebase;
			productName = crudFirebase;
			productReference = 1A1ED22F2A16582C0097B56C /* crudFirebase */;
			productType = "com.apple.product-type.tool";
		};
/* End PBXNativeTarget section */

/* Begin PBXProject section */
		1A1ED2272A16582C0097B56C /* Project object */ = {
			isa = PBXProject;
			attributes = {
				BuildIndependentTargetsInParallel = 1;
				LastSwiftUpdateCheck = 1430;
				LastUpgradeCheck = 1430;
				TargetAttributes = {
					1A1ED22E2A16582C0097B56C = {
						CreatedOnToolsVersion = 14.3;
					};
				};
			};
			buildConfigurationList = 1A1ED22A2A16582C0097B56C /* Build configuration list for PBXProject "crudFirebase" */;
			compatibilityVersion = "Xcode 14.0";
			developmentRegion = en;
			hasScannedForEncodings = 0;
			knownRegions = (
				en,
				Base,
			);
			mainGroup = 1A1ED2262A16582C0097B56C;
			productRefGroup = 1A1ED2302A16582C0097B56C /* Products */;
			projectDirPath = "";
			projectRoot = "";
			targets = (
				1A1ED22E2A16582C0097B56C /* crudFirebase */,
			);
		};
/* End PBXProject section */

/* Begin PBXSourcesBuildPhase section */
		1A1ED22B2A16582C0097B56C /* Sources */ = {
			isa = PBXSourcesBuildPhase;
			buildActionMask = 2147483647;
			files = (
				1A1ED2562A165A200097B56C /* excluir.swift in Sources */,
				1A1ED24C2A1659950097B56C /* list.swift in Sources */,
				1A1ED2482A1659880097B56C /* create.swift in Sources */,
				1A1ED24E2A1659A30097B56C /* update.swift in Sources */,
				1A1ED2502A1659F40097B56C /* atualizar.swift in Sources */,
				1A1ED2332A16582C0097B56C /* main.swift in Sources */,
				1A1ED2522A165A030097B56C /* cadastrar.swift in Sources */,
				1A1ED23E2A1658A30097B56C /* utils.swift in Sources */,
				1A1ED2412A1658CD0097B56C /* funcionario.swift in Sources */,
				1A1ED24A2A16598E0097B56C /* delete.swift in Sources */,
				1A1ED2542A165A110097B56C /* listar.swift in Sources */,
				1A1ED2442A1659000097B56C /* operations.swift in Sources */,
			);
			runOnlyForDeploymentPostprocessing = 0;
		};
/* End PBXSourcesBuildPhase section */

/* Begin XCBuildConfiguration section */
		1A1ED2342A16582C0097B56C /* Debug */ = {
			isa = XCBuildConfiguration;
			buildSettings = {
				ALWAYS_SEARCH_USER_PATHS = NO;
				CLANG_ANALYZER_NONNULL = YES;
				CLANG_ANALYZER_NUMBER_OBJECT_CONVERSION = YES_AGGRESSIVE;
				CLANG_CXX_LANGUAGE_STANDARD = "gnu++20";
				CLANG_ENABLE_MODULES = YES;
				CLANG_ENABLE_OBJC_ARC = YES;
				CLANG_ENABLE_OBJC_WEAK = YES;
				CLANG_WARN_BLOCK_CAPTURE_AUTORELEASING = YES;
				CLANG_WARN_BOOL_CONVERSION = YES;
				CLANG_WARN_COMMA = YES;
				CLANG_WARN_CONSTANT_CONVERSION = YES;
				CLANG_WARN_DEPRECATED_OBJC_IMPLEMENTATIONS = YES;
				CLANG_WARN_DIRECT_OBJC_ISA_USAGE = YES_ERROR;
				CLANG_WARN_DOCUMENTATION_COMMENTS = YES;
				CLANG_WARN_EMPTY_BODY = YES;
				CLANG_WARN_ENUM_CONVERSION = YES;
				CLANG_WARN_INFINITE_RECURSION = YES;
				CLANG_WARN_INT_CONVERSION = YES;
				CLANG_WARN_NON_LITERAL_NULL_CONVERSION = YES;
				CLANG_WARN_OBJC_IMPLICIT_RETAIN_SELF = YES;
				CLANG_WARN_OBJC_LITERAL_CONVERSION = YES;
				CLANG_WARN_OBJC_ROOT_CLASS = YES_ERROR;
				CLANG_WARN_QUOTED_INCLUDE_IN_FRAMEWORK_HEADER = YES;
				CLANG_WARN_RANGE_LOOP_ANALYSIS = YES;
				CLANG_WARN_STRICT_PROTOTYPES = YES;
				CLANG_WARN_SUSPICIOUS_MOVE = YES;
				CLANG_WARN_UNGUARDED_AVAILABILITY = YES_AGGRESSIVE;
				CLANG_WARN_UNREACHABLE_CODE = YES;
				CLANG_WARN__DUPLICATE_METHOD_MATCH = YES;
				COPY_PHASE_STRIP = NO;
				DEBUG_INFORMATION_FORMAT = dwarf;
				ENABLE_STRICT_OBJC_MSGSEND = YES;
				ENABLE_TESTABILITY = YES;
				GCC_C_LANGUAGE_STANDARD = gnu11;
				GCC_DYNAMIC_NO_PIC = NO;
				GCC_NO_COMMON_BLOCKS = YES;
				GCC_OPTIMIZATION_LEVEL = 0;
				GCC_PREPROCESSOR_DEFINITIONS = (
					"DEBUG=1",
					"$(inherited)",
				);
				GCC_WARN_64_TO_32_BIT_CONVERSION = YES;
				GCC_WARN_ABOUT_RETURN_TYPE = YES_ERROR;
				GCC_WARN_UNDECLARED_SELECTOR = YES;
				GCC_WARN_UNINITIALIZED_AUTOS = YES_AGGRESSIVE;
				GCC_WARN_UNUSED_FUNCTION = YES;
				GCC_WARN_UNUSED_VARIABLE = YES;
				MACOSX_DEPLOYMENT_TARGET = 13.3;
				MTL_ENABLE_DEBUG_INFO = INCLUDE_SOURCE;
				MTL_FAST_MATH = YES;
				ONLY_ACTIVE_ARCH = YES;
				SDKROOT = macosx;
				SWIFT_ACTIVE_COMPILATION_CONDITIONS = DEBUG;
				SWIFT_OPTIMIZATION_LEVEL = "-Onone";
			};
			name = Debug;
		};
		1A1ED2352A16582C0097B56C /* Release */ = {
			isa = XCBuildConfiguration;
			buildSettings = {
				ALWAYS_SEARCH_USER_PATHS = NO;
				CLANG_ANALYZER_NONNULL = YES;
				CLANG_ANALYZER_NUMBER_OBJECT_CONVERSION = YES_AGGRESSIVE;
				CLANG_CXX_LANGUAGE_STANDARD = "gnu++20";
				CLANG_ENABLE_MODULES = YES;
				CLANG_ENABLE_OBJC_ARC = YES;
				CLANG_ENABLE_OBJC_WEAK = YES;
				CLANG_WARN_BLOCK_CAPTURE_AUTORELEASING = YES;
				CLANG_WARN_BOOL_CONVERSION = YES;
				CLANG_WARN_COMMA = YES;
				CLANG_WARN_CONSTANT_CONVERSION = YES;
				CLANG_WARN_DEPRECATED_OBJC_IMPLEMENTATIONS = YES;
				CLANG_WARN_DIRECT_OBJC_ISA_USAGE = YES_ERROR;
				CLANG_WARN_DOCUMENTATION_COMMENTS = YES;
				CLANG_WARN_EMPTY_BODY = YES;
				CLANG_WARN_ENUM_CONVERSION = YES;
				CLANG_WARN_INFINITE_RECURSION = YES;
				CLANG_WARN_INT_CONVERSION = YES;
				CLANG_WARN_NON_LITERAL_NULL_CONVERSION = YES;
				CLANG_WARN_OBJC_IMPLICIT_RETAIN_SELF = YES;
				CLANG_WARN_OBJC_LITERAL_CONVERSION = YES;
				CLANG_WARN_OBJC_ROOT_CLASS = YES_ERROR;
				CLANG_WARN_QUOTED_INCLUDE_IN_FRAMEWORK_HEADER = YES;
				CLANG_WARN_RANGE_LOOP_ANALYSIS = YES;
				CLANG_WARN_STRICT_PROTOTYPES = YES;
				CLANG_WARN_SUSPICIOUS_MOVE = YES;
				CLANG_WARN_UNGUARDED_AVAILABILITY = YES_AGGRESSIVE;
				CLANG_WARN_UNREACHABLE_CODE = YES;
				CLANG_WARN__DUPLICATE_METHOD_MATCH = YES;
				COPY_PHASE_STRIP = NO;
				DEBUG_INFORMATION_FORMAT = "dwarf-with-dsym";
				ENABLE_NS_ASSERTIONS = NO;
				ENABLE_STRICT_OBJC_MSGSEND = YES;
				GCC_C_LANGUAGE_STANDARD = gnu11;
				GCC_NO_COMMON_BLOCKS = YES;
				GCC_WARN_64_TO_32_BIT_CONVERSION = YES;
				GCC_WARN_ABOUT_RETURN_TYPE = YES_ERROR;
				GCC_WARN_UNDECLARED_SELECTOR = YES;
				GCC_WARN_UNINITIALIZED_AUTOS = YES_AGGRESSIVE;
				GCC_WARN_UNUSED_FUNCTION = YES;
				GCC_WARN_UNUSED_VARIABLE = YES;
				MACOSX_DEPLOYMENT_TARGET = 13.3;
				MTL_ENABLE_DEBUG_INFO = NO;
				MTL_FAST_MATH = YES;
				SDKROOT = macosx;
				SWIFT_COMPILATION_MODE = wholemodule;
				SWIFT_OPTIMIZATION_LEVEL = "-O";
			};
			name = Release;
		};
		1A1ED2372A16582C0097B56C /* Debug */ = {
			isa = XCBuildConfiguration;
			buildSettings = {
				CODE_SIGN_STYLE = Automatic;
				DEVELOPMENT_TEAM = H7MMXQ3XR8;
				ENABLE_HARDENED_RUNTIME = YES;
				PRODUCT_NAME = "$(TARGET_NAME)";
				SWIFT_VERSION = 5.0;
			};
			name = Debug;
		};
		1A1ED2382A16582C0097B56C /* Release */ = {
			isa = XCBuildConfiguration;
			buildSettings = {
				CODE_SIGN_STYLE = Automatic;
				DEVELOPMENT_TEAM = H7MMXQ3XR8;
				ENABLE_HARDENED_RUNTIME = YES;
				PRODUCT_NAME = "$(TARGET_NAME)";
				SWIFT_VERSION = 5.0;
			};
			name = Release;
		};
/* End XCBuildConfiguration section */

/* Begin XCConfigurationList section */
		1A1ED22A2A16582C0097B56C /* Build configuration list for PBXProject "crudFirebase" */ = {
			isa = XCConfigurationList;
			buildConfigurations = (
				1A1ED2342A16582C0097B56C /* Debug */,
				1A1ED2352A16582C0097B56C /* Release */,
			);
			defaultConfigurationIsVisible = 0;
			defaultConfigurationName = Release;
		};
		1A1ED2362A16582C0097B56C /* Build configuration list for PBXNativeTarget "crudFirebase" */ = {
			isa = XCConfigurationList;
			buildConfigurations = (
				1A1ED2372A16582C0097B56C /* Debug */,
				1A1ED2382A16582C0097B56C /* Release */,
			);
			defaultConfigurationIsVisible = 0;
			defaultConfigurationName = Release;
		};
/* End XCConfigurationList section */
	};
	rootObject = 1A1ED2272A16582C0097B56C /* Project object */;
}
